
Microsoft Visual Studio Solution File, Format Version 12.00
# Visual Studio Version 17
VisualStudioVersion = 17.9.34526.213
MinimumVisualStudioVersion = 10.0.40219.1
Project("{FAE04EC0-301F-11D3-BF4B-00C04F79EFBC}") = "Shortly.Client", "Shortly.Client\Shortly.Client.csproj", "{66A17ABB-6768-4AF0-BFD5-DBF42019178A}"
EndProject
Project("{FAE04EC0-301F-11D3-BF4B-00C04F79EFBC}") = "Shortly.Redirect", "Shortly.Redirect\Shortly.Redirect.csproj", "{364DAD0F-98BD-404C-B231-9F10E611D445}"
EndProject
Project("{FAE04EC0-301F-11D3-BF4B-00C04F79EFBC}") = "Shortly.Data", "Shortly.Data\Shortly.Data.csproj", "{F932860E-AB57-47CD-924E-5AB27B075429}"
EndProject
Global
	GlobalSection(SolutionConfigurationPlatforms) = preSolution
		Debug|Any CPU = Debug|Any CPU
		Release|Any CPU = Release|Any CPU
	EndGlobalSection
	GlobalSection(ProjectConfigurationPlatforms) = postSolution
		{66A17ABB-6768-4AF0-BFD5-DBF42019178A}.Debug|Any CPU.ActiveCfg = Debug|Any CPU
		{66A17ABB-6768-4AF0-BFD5-DBF42019178A}.Debug|Any CPU.Build.0 = Debug|Any CPU
		{66A17ABB-6768-4AF0-BFD5-DBF42019178A}.Release|Any CPU.ActiveCfg = Release|Any CPU
		{66A17ABB-6768-4AF0-BFD5-DBF42019178A}.Release|Any CPU.Build.0 = Release|Any CPU
		{364DAD0F-98BD-404C-B231-9F10E611D445}.Debug|Any CPU.ActiveCfg = Debug|Any CPU
		{364DAD0F-98BD-404C-B231-9F10E611D445}.Debug|Any CPU.Build.0 = Debug|Any CPU
		{364DAD0F-98BD-404C-B231-9F10E611D445}.Release|Any CPU.ActiveCfg = Release|Any CPU
		{364DAD0F-98BD-404C-B231-9F10E611D445}.Release|Any CPU.Build.0 = Release|Any CPU
		{F932860E-AB57-47CD-924E-5AB27B075429}.Debug|Any CPU.ActiveCfg = Debug|Any CPU
		{F932860E-AB57-47CD-924E-5AB27B075429}.Debug|Any CPU.Build.0 = Debug|Any CPU
		{F932860E-AB57-47CD-924E-5AB27B075429}.Release|Any CPU.ActiveCfg = Release|Any CPU
		{F932860E-AB57-47CD-924E-5AB27B075429}.Release|Any CPU.Build.0 = Release|Any CPU
	EndGlobalSection
	GlobalSection(SolutionProperties) = preSolution
		HideSolutionNode = FALSE
	EndGlobalSection
	GlobalSection(ExtensibilityGlobals) = postSolution
		SolutionGuid = {B64E2702-3A64-4855-A851-DBBDCE644D9B}
	EndGlobalSection
EndGlobal
